
Microsoft Visual Studio Solution File, Format Version 12.00
# Visual Studio 15
VisualStudioVersion = 15.0.27004.2005
MinimumVisualStudioVersion = 10.0.40219.1
Project("{FAE04EC0-301F-11D3-BF4B-00C04F79EFBC}") = "Test", "Test\Test.csproj", "{CC911BEE-F292-4BC3-B760-4AB359EBA91F}"
EndProject
Project("{FAE04EC0-301F-11D3-BF4B-00C04F79EFBC}") = "Boletos_CASD", "Boletos_CASD\Boletos_CASD.csproj", "{CAA4182B-33AB-4EDF-8D2D-5F449324B6CE}"
EndProject
Global
	GlobalSection(SolutionConfigurationPlatforms) = preSolution
		Debug|Any CPU = Debug|Any CPU
		Release|Any CPU = Release|Any CPU
	EndGlobalSection
	GlobalSection(ProjectConfigurationPlatforms) = postSolution
		{CC911BEE-F292-4BC3-B760-4AB359EBA91F}.Debug|Any CPU.ActiveCfg = Debug|Any CPU
		{CC911BEE-F292-4BC3-B760-4AB359EBA91F}.Debug|Any CPU.Build.0 = Debug|Any CPU
		{CC911BEE-F292-4BC3-B760-4AB359EBA91F}.Release|Any CPU.ActiveCfg = Release|Any CPU
		{CC911BEE-F292-4BC3-B760-4AB359EBA91F}.Release|Any CPU.Build.0 = Release|Any CPU
		{CAA4182B-33AB-4EDF-8D2D-5F449324B6CE}.Debug|Any CPU.ActiveCfg = Debug|Any CPU
		{CAA4182B-33AB-4EDF-8D2D-5F449324B6CE}.Debug|Any CPU.Build.0 = Debug|Any CPU
		{CAA4182B-33AB-4EDF-8D2D-5F449324B6CE}.Release|Any CPU.ActiveCfg = Release|Any CPU
		{CAA4182B-33AB-4EDF-8D2D-5F449324B6CE}.Release|Any CPU.Build.0 = Release|Any CPU
	EndGlobalSection
	GlobalSection(SolutionProperties) = preSolution
		HideSolutionNode = FALSE
	EndGlobalSection
	GlobalSection(ExtensibilityGlobals) = postSolution
		SolutionGuid = {B457F690-EEAF-4742-A8E1-38B0AAA701CF}
	EndGlobalSection
EndGlobal
